
Microsoft Visual Studio Solution File, Format Version 12.00
# Visual Studio Version 16
VisualStudioVersion = 16.0.32002.261
MinimumVisualStudioVersion = 10.0.40219.1
Project("{FAE04EC0-301F-11D3-BF4B-00C04F79EFBC}") = "Project_Groupe_NST", "Project_Groupe_NST\Project_Groupe_NST.csproj", "{FCF3FFFC-825E-499E-97C5-3536978F40C3}"
EndProject
Global
	GlobalSection(SolutionConfigurationPlatforms) = preSolution
		Debug|Any CPU = Debug|Any CPU
		Release|Any CPU = Release|Any CPU
	EndGlobalSection
	GlobalSection(ProjectConfigurationPlatforms) = postSolution
		{FCF3FFFC-825E-499E-97C5-3536978F40C3}.Debug|Any CPU.ActiveCfg = Debug|Any CPU
		{FCF3FFFC-825E-499E-97C5-3536978F40C3}.Debug|Any CPU.Build.0 = Debug|Any CPU
		{FCF3FFFC-825E-499E-97C5-3536978F40C3}.Release|Any CPU.ActiveCfg = Release|Any CPU
		{FCF3FFFC-825E-499E-97C5-3536978F40C3}.Release|Any CPU.Build.0 = Release|Any CPU
	EndGlobalSection
	GlobalSection(SolutionProperties) = preSolution
		HideSolutionNode = FALSE
	EndGlobalSection
	GlobalSection(ExtensibilityGlobals) = postSolution
		SolutionGuid = {3B5536CF-8277-4074-8CD4-128EDED3BCC1}
	EndGlobalSection
EndGlobal
